
Microsoft Visual Studio Solution File, Format Version 12.00
# Visual Studio Express 2012 for Windows Desktop
Project("{F184B08F-C81C-45F6-A57F-5ABD9991F28F}") = "updater", "updater\updater.vbproj", "{FB3B8F8F-7FF7-45BA-BAA2-4E86A8F5035F}"
EndProject
Global
	GlobalSection(SolutionConfigurationPlatforms) = preSolution
		Debug|Any CPU = Debug|Any CPU
		Release|Any CPU = Release|Any CPU
	EndGlobalSection
	GlobalSection(ProjectConfigurationPlatforms) = postSolution
		{FB3B8F8F-7FF7-45BA-BAA2-4E86A8F5035F}.Debug|Any CPU.ActiveCfg = Debug|Any CPU
		{FB3B8F8F-7FF7-45BA-BAA2-4E86A8F5035F}.Debug|Any CPU.Build.0 = Debug|Any CPU
		{FB3B8F8F-7FF7-45BA-BAA2-4E86A8F5035F}.Release|Any CPU.ActiveCfg = Release|Any CPU
		{FB3B8F8F-7FF7-45BA-BAA2-4E86A8F5035F}.Release|Any CPU.Build.0 = Release|Any CPU
	EndGlobalSection
	GlobalSection(SolutionProperties) = preSolution
		HideSolutionNode = FALSE
	EndGlobalSection
EndGlobal
